
Microsoft Visual Studio Solution File, Format Version 12.00
# Visual Studio Version 17
VisualStudioVersion = 17.9.34902.65
MinimumVisualStudioVersion = 10.0.40219.1
Project("{FAE04EC0-301F-11D3-BF4B-00C04F79EFBC}") = "bai4_trang36", "bai4_trang36.csproj", "{F376F2C9-4F29-4B26-AF99-BE84A9328773}"
EndProject
Global
	GlobalSection(SolutionConfigurationPlatforms) = preSolution
		Debug|Any CPU = Debug|Any CPU
		Release|Any CPU = Release|Any CPU
	EndGlobalSection
	GlobalSection(ProjectConfigurationPlatforms) = postSolution
		{F376F2C9-4F29-4B26-AF99-BE84A9328773}.Debug|Any CPU.ActiveCfg = Debug|Any CPU
		{F376F2C9-4F29-4B26-AF99-BE84A9328773}.Debug|Any CPU.Build.0 = Debug|Any CPU
		{F376F2C9-4F29-4B26-AF99-BE84A9328773}.Release|Any CPU.ActiveCfg = Release|Any CPU
		{F376F2C9-4F29-4B26-AF99-BE84A9328773}.Release|Any CPU.Build.0 = Release|Any CPU
	EndGlobalSection
	GlobalSection(SolutionProperties) = preSolution
		HideSolutionNode = FALSE
	EndGlobalSection
	GlobalSection(ExtensibilityGlobals) = postSolution
		SolutionGuid = {C8B987F0-8084-4E62-B544-13084EC9251F}
	EndGlobalSection
EndGlobal
